
Microsoft Visual Studio Solution File, Format Version 12.00
# Visual Studio Version 17
VisualStudioVersion = 17.14.36221.1 d17.14
MinimumVisualStudioVersion = 10.0.40219.1
Project("{FAE04EC0-301F-11D3-BF4B-00C04F79EFBC}") = "Training25", "Training25\Training25.csproj", "{9E60A251-91D1-4B73-AAF3-6B034F790190}"
EndProject
Global
	GlobalSection(SolutionConfigurationPlatforms) = preSolution
		Debug|Any CPU = Debug|Any CPU
		Release|Any CPU = Release|Any CPU
	EndGlobalSection
	GlobalSection(ProjectConfigurationPlatforms) = postSolution
		{9E60A251-91D1-4B73-AAF3-6B034F790190}.Debug|Any CPU.ActiveCfg = Debug|Any CPU
		{9E60A251-91D1-4B73-AAF3-6B034F790190}.Debug|Any CPU.Build.0 = Debug|Any CPU
		{9E60A251-91D1-4B73-AAF3-6B034F790190}.Release|Any CPU.ActiveCfg = Release|Any CPU
		{9E60A251-91D1-4B73-AAF3-6B034F790190}.Release|Any CPU.Build.0 = Release|Any CPU
	EndGlobalSection
	GlobalSection(SolutionProperties) = preSolution
		HideSolutionNode = FALSE
	EndGlobalSection
	GlobalSection(ExtensibilityGlobals) = postSolution
		SolutionGuid = {A33FE602-5E1F-416D-85CC-FC09DD29CC05}
	EndGlobalSection
EndGlobal
